// !$*UTF8*$!
{
	archiveVersion = 1;
	classes = {
	};
	objectVersion = 77;
	objects = {

/* Begin PBXContainerItemProxy section */
		3303FA532EE5BCD900A30E69 /* PBXContainerItemProxy */ = {
			isa = PBXContainerItemProxy;
			containerPortal = 3303FA3D2EE5BCD900A30E69 /* Project object */;
			proxyType = 1;
			remoteGlobalIDString = 3303FA442EE5BCD900A30E69;
			remoteInfo = PorteFolioCrypto;
		};
		3303FA5D2EE5BCD900A30E69 /* PBXContainerItemProxy */ = {
			isa = PBXContainerItemProxy;
			containerPortal = 3303FA3D2EE5BCD900A30E69 /* Project object */;
			proxyType = 1;
			remoteGlobalIDString = 3303FA442EE5BCD900A30E69;
			remoteInfo = PorteFolioCrypto;
		};
/* End PBXContainerItemProxy section */

/* Begin PBXFileReference section */
		3303FA452EE5BCD900A30E69 /* PorteFolioCrypto.app */ = {isa = PBXFileReference; explicitFileType = wrapper.application; includeInIndex = 0; path = PorteFolioCrypto.app; sourceTree = BUILT_PRODUCTS_DIR; };
		3303FA522EE5BCD900A30E69 /* PorteFolioCryptoTests.xctest */ = {isa = PBXFileReference; explicitFileType = wrapper.cfbundle; includeInIndex = 0; path = PorteFolioCryptoTests.xctest; sourceTree = BUILT_PRODUCTS_DIR; };
		3303FA5C2EE5BCD900A30E69 /* PorteFolioCryptoUITests.xctest */ = {isa = PBXFileReference; explicitFileType = wrapper.cfbundle; includeInIndex = 0; path = PorteFolioCryptoUITests.xctest; sourceTree = BUILT_PRODUCTS_DIR; };
/* End PBXFileReference section */

/* Begin PBXFileSystemSynchronizedRootGroup section */
		3303FA472EE5BCD900A30E69 /* PorteFolioCrypto */ = {
			isa = PBXFileSystemSynchronizedRootGroup;
			path = PorteFolioCrypto;
			sourceTree = "<group>";
		};
		3303FA552EE5BCD900A30E69 /* PorteFolioCryptoTests */ = {
			isa = PBXFileSystemSynchronizedRootGroup;
			path = PorteFolioCryptoTests;
			sourceTree = "<group>";
		};
		3303FA5F2EE5BCD900A30E69 /* PorteFolioCryptoUITests */ = {
			isa = PBXFileSystemSynchronizedRootGroup;
			path = PorteFolioCryptoUITests;
			sourceTree = "<group>";
		};
/* End PBXFileSystemSynchronizedRootGroup section */

/* Begin PBXFrameworksBuildPhase section */
		3303FA422EE5BCD900A30E69 /* Frameworks */ = {
			isa = PBXFrameworksBuildPhase;
			buildActionMask = 2147483647;
			files = (
			);
			runOnlyForDeploymentPostprocessing = 0;
		};
		3303FA4F2EE5BCD900A30E69 /* Frameworks */ = {
			isa = PBXFrameworksBuildPhase;
			buildActionMask = 2147483647;
			files = (
			);
			runOnlyForDeploymentPostprocessing = 0;
		};
		3303FA592EE5BCD900A30E69 /* Frameworks */ = {
			isa = PBXFrameworksBuildPhase;
			buildActionMask = 2147483647;
			files = (
			);
			runOnlyForDeploymentPostprocessing = 0;
		};
/* End PBXFrameworksBuildPhase section */

/* Begin PBXGroup section */
		3303FA3C2EE5BCD900A30E69 = {
			isa = PBXGroup;
			children = (
				3303FA472EE5BCD900A30E69 /* PorteFolioCrypto */,
				3303FA552EE5BCD900A30E69 /* PorteFolioCryptoTests */,
				3303FA5F2EE5BCD900A30E69 /* PorteFolioCryptoUITests */,
				3303FA462EE5BCD900A30E69 /* Products */,
			);
			sourceTree = "<group>";
		};
		3303FA462EE5BCD900A30E69 /* Products */ = {
			isa = PBXGroup;
			children = (
				3303FA452EE5BCD900A30E69 /* PorteFolioCrypto.app */,
				3303FA522EE5BCD900A30E69 /* PorteFolioCryptoTests.xctest */,
				3303FA5C2EE5BCD900A30E69 /* PorteFolioCryptoUITests.xctest */,
			);
			name = Products;
			sourceTree = "<group>";
		};
/* End PBXGroup section */

/* Begin PBXNativeTarget section */
		3303FA442EE5BCD900A30E69 /* PorteFolioCrypto */ = {
			isa = PBXNativeTarget;
			buildConfigurationList = 3303FA662EE5BCD900A30E69 /* Build configuration list for PBXNativeTarget "PorteFolioCrypto" */;
			buildPhases = (
				3303FA412EE5BCD900A30E69 /* Sources */,
				3303FA422EE5BCD900A30E69 /* Frameworks */,
				3303FA432EE5BCD900A30E69 /* Resources */,
			);
			buildRules = (
			);
			dependencies = (
			);
			fileSystemSynchronizedGroups = (
				3303FA472EE5BCD900A30E69 /* PorteFolioCrypto */,
			);
			name = PorteFolioCrypto;
			packageProductDependencies = (
			);
			productName = PorteFolioCrypto;
			productReference = 3303FA452EE5BCD900A30E69 /* PorteFolioCrypto.app */;
			productType = "com.apple.product-type.application";
		};
		3303FA512EE5BCD900A30E69 /* PorteFolioCryptoTests */ = {
			isa = PBXNativeTarget;
			buildConfigurationList = 3303FA692EE5BCD900A30E69 /* Build configuration list for PBXNativeTarget "PorteFolioCryptoTests" */;
			buildPhases = (
				3303FA4E2EE5BCD900A30E69 /* Sources */,
				3303FA4F2EE5BCD900A30E69 /* Frameworks */,
				3303FA502EE5BCD900A30E69 /* Resources */,
			);
			buildRules = (
			);
			dependencies = (
				3303FA542EE5BCD900A30E69 /* PBXTargetDependency */,
			);
			fileSystemSynchronizedGroups = (
				3303FA552EE5BCD900A30E69 /* PorteFolioCryptoTests */,
			);
			name = PorteFolioCryptoTests;
			packageProductDependencies = (
			);
			productName = PorteFolioCryptoTests;
			productReference = 3303FA522EE5BCD900A30E69 /* PorteFolioCryptoTests.xctest */;
			productType = "com.apple.product-type.bundle.unit-test";
		};
		3303FA5B2EE5BCD900A30E69 /* PorteFolioCryptoUITests */ = {
			isa = PBXNativeTarget;
			buildConfigurationList = 3303FA6C2EE5BCD900A30E69 /* Build configuration list for PBXNativeTarget "PorteFolioCryptoUITests" */;
			buildPhases = (
				3303FA582EE5BCD900A30E69 /* Sources */,
				3303FA592EE5BCD900A30E69 /* Frameworks */,
				3303FA5A2EE5BCD900A30E69 /* Resources */,
			);
			buildRules = (
			);
			dependencies = (
				3303FA5E2EE5BCD900A30E69 /* PBXTargetDependency */,
			);
			fileSystemSynchronizedGroups = (
				3303FA5F2EE5BCD900A30E69 /* PorteFolioCryptoUITests */,
			);
			name = PorteFolioCryptoUITests;
			packageProductDependencies = (
			);
			productName = PorteFolioCryptoUITests;
			productReference = 3303FA5C2EE5BCD900A30E69 /* PorteFolioCryptoUITests.xctest */;
			productType = "com.apple.product-type.bundle.ui-testing";
		};
/* End PBXNativeTarget section */

/* Begin PBXProject section */
		3303FA3D2EE5BCD900A30E69 /* Project object */ = {
			isa = PBXProject;
			attributes = {
				BuildIndependentTargetsInParallel = 1;
				LastSwiftUpdateCheck = 2610;
				LastUpgradeCheck = 2610;
				TargetAttributes = {
					3303FA442EE5BCD900A30E69 = {
						CreatedOnToolsVersion = 26.1.1;
					};
					3303FA512EE5BCD900A30E69 = {
						CreatedOnToolsVersion = 26.1.1;
						TestTargetID = 3303FA442EE5BCD900A30E69;
					};
					3303FA5B2EE5BCD900A30E69 = {
						CreatedOnToolsVersion = 26.1.1;
						TestTargetID = 3303FA442EE5BCD900A30E69;
					};
				};
			};
			buildConfigurationList = 3303FA402EE5BCD900A30E69 /* Build configuration list for PBXProject "PorteFolioCrypto" */;
			developmentRegion = en;
			hasScannedForEncodings = 0;
			knownRegions = (
				en,
				Base,
			);
			mainGroup = 3303FA3C2EE5BCD900A30E69;
			minimizedProjectReferenceProxies = 1;
			preferredProjectObjectVersion = 77;
			productRefGroup = 3303FA462EE5BCD900A30E69 /* Products */;
			projectDirPath = "";
			projectRoot = "";
			targets = (
				3303FA442EE5BCD900A30E69 /* PorteFolioCrypto */,
				3303FA512EE5BCD900A30E69 /* PorteFolioCryptoTests */,
				3303FA5B2EE5BCD900A30E69 /* PorteFolioCryptoUITests */,
			);
		};
/* End PBXProject section */

/* Begin PBXResourcesBuildPhase section */
		3303FA432EE5BCD900A30E69 /* Resources */ = {
			isa = PBXResourcesBuildPhase;
			buildActionMask = 2147483647;
			files = (
			);
			runOnlyForDeploymentPostprocessing = 0;
		};
		3303FA502EE5BCD900A30E69 /* Resources */ = {
			isa = PBXResourcesBuildPhase;
			buildActionMask = 2147483647;
			files = (
			);
			runOnlyForDeploymentPostprocessing = 0;
		};
		3303FA5A2EE5BCD900A30E69 /* Resources */ = {
			isa = PBXResourcesBuildPhase;
			buildActionMask = 2147483647;
			files = (
			);
			runOnlyForDeploymentPostprocessing = 0;
		};
/* End PBXResourcesBuildPhase section */

/* Begin PBXSourcesBuildPhase section */
		3303FA412EE5BCD900A30E69 /* Sources */ = {
			isa = PBXSourcesBuildPhase;
			buildActionMask = 2147483647;
			files = (
			);
			runOnlyForDeploymentPostprocessing = 0;
		};
		3303FA4E2EE5BCD900A30E69 /* Sources */ = {
			isa = PBXSourcesBuildPhase;
			buildActionMask = 2147483647;
			files = (
			);
			runOnlyForDeploymentPostprocessing = 0;
		};
		3303FA582EE5BCD900A30E69 /* Sources */ = {
			isa = PBXSourcesBuildPhase;
			buildActionMask = 2147483647;
			files = (
			);
			runOnlyForDeploymentPostprocessing = 0;
		};
/* End PBXSourcesBuildPhase section */

/* Begin PBXTargetDependency section */
		3303FA542EE5BCD900A30E69 /* PBXTargetDependency */ = {
			isa = PBXTargetDependency;
			target = 3303FA442EE5BCD900A30E69 /* PorteFolioCrypto */;
			targetProxy = 3303FA532EE5BCD900A30E69 /* PBXContainerItemProxy */;
		};
		3303FA5E2EE5BCD900A30E69 /* PBXTargetDependency */ = {
			isa = PBXTargetDependency;
			target = 3303FA442EE5BCD900A30E69 /* PorteFolioCrypto */;
			targetProxy = 3303FA5D2EE5BCD900A30E69 /* PBXContainerItemProxy */;
		};
/* End PBXTargetDependency section */

/* Begin XCBuildConfiguration section */
		3303FA642EE5BCD900A30E69 /* Debug */ = {
			isa = XCBuildConfiguration;
			buildSettings = {
				ALWAYS_SEARCH_USER_PATHS = NO;
				ASSETCATALOG_COMPILER_GENERATE_SWIFT_ASSET_SYMBOL_EXTENSIONS = YES;
				CLANG_ANALYZER_NONNULL = YES;
				CLANG_ANALYZER_NUMBER_OBJECT_CONVERSION = YES_AGGRESSIVE;
				CLANG_CXX_LANGUAGE_STANDARD = "gnu++20";
				CLANG_ENABLE_MODULES = YES;
				CLANG_ENABLE_OBJC_ARC = YES;
				CLANG_ENABLE_OBJC_WEAK = YES;
				CLANG_WARN_BLOCK_CAPTURE_AUTORELEASING = YES;
				CLANG_WARN_BOOL_CONVERSION = YES;
				CLANG_WARN_COMMA = YES;
				CLANG_WARN_CONSTANT_CONVERSION = YES;
				CLANG_WARN_DEPRECATED_OBJC_IMPLEMENTATIONS = YES;
				CLANG_WARN_DIRECT_OBJC_ISA_USAGE = YES_ERROR;
				CLANG_WARN_DOCUMENTATION_COMMENTS = YES;
				CLANG_WARN_EMPTY_BODY = YES;
				CLANG_WARN_ENUM_CONVERSION = YES;
				CLANG_WARN_INFINITE_RECURSION = YES;
				CLANG_WARN_INT_CONVERSION = YES;
				CLANG_WARN_NON_LITERAL_NULL_CONVERSION = YES;
				CLANG_WARN_OBJC_IMPLICIT_RETAIN_SELF = YES;
				CLANG_WARN_OBJC_LITERAL_CONVERSION = YES;
				CLANG_WARN_OBJC_ROOT_CLASS = YES_ERROR;
				CLANG_WARN_QUOTED_INCLUDE_IN_FRAMEWORK_HEADER = YES;
				CLANG_WARN_RANGE_LOOP_ANALYSIS = YES;
				CLANG_WARN_STRICT_PROTOTYPES = YES;
				CLANG_WARN_SUSPICIOUS_MOVE = YES;
				CLANG_WARN_UNGUARDED_AVAILABILITY = YES_AGGRESSIVE;
				CLANG_WARN_UNREACHABLE_CODE = YES;
				CLANG_WARN__DUPLICATE_METHOD_MATCH = YES;
				COPY_PHASE_STRIP = NO;
				DEBUG_INFORMATION_FORMAT = dwarf;
				DEVELOPMENT_TEAM = GSW6Z3S4X5;
				ENABLE_STRICT_OBJC_MSGSEND = YES;
				ENABLE_TESTABILITY = YES;
				ENABLE_USER_SCRIPT_SANDBOXING = YES;
				GCC_C_LANGUAGE_STANDARD = gnu17;
				GCC_DYNAMIC_NO_PIC = NO;
				GCC_NO_COMMON_BLOCKS = YES;
				GCC_OPTIMIZATION_LEVEL = 0;
				GCC_PREPROCESSOR_DEFINITIONS = (
					"DEBUG=1",
					"$(inherited)",
				);
				GCC_WARN_64_TO_32_BIT_CONVERSION = YES;
				GCC_WARN_ABOUT_RETURN_TYPE = YES_ERROR;
				GCC_WARN_UNDECLARED_SELECTOR = YES;
				GCC_WARN_UNINITIALIZED_AUTOS = YES_AGGRESSIVE;
				GCC_WARN_UNUSED_FUNCTION = YES;
				GCC_WARN_UNUSED_VARIABLE = YES;
				IPHONEOS_DEPLOYMENT_TARGET = 26.1;
				LOCALIZATION_PREFERS_STRING_CATALOGS = YES;
				MTL_ENABLE_DEBUG_INFO = INCLUDE_SOURCE;
				MTL_FAST_MATH = YES;
				ONLY_ACTIVE_ARCH = YES;
				SDKROOT = iphoneos;
				SWIFT_ACTIVE_COMPILATION_CONDITIONS = "DEBUG $(inherited)";
				SWIFT_OPTIMIZATION_LEVEL = "-Onone";
			};
			name = Debug;
		};
		3303FA652EE5BCD900A30E69 /* Release */ = {
			isa = XCBuildConfiguration;
			buildSettings = {
				ALWAYS_SEARCH_USER_PATHS = NO;
				ASSETCATALOG_COMPILER_GENERATE_SWIFT_ASSET_SYMBOL_EXTENSIONS = YES;
				CLANG_ANALYZER_NONNULL = YES;
				CLANG_ANALYZER_NUMBER_OBJECT_CONVERSION = YES_AGGRESSIVE;
				CLANG_CXX_LANGUAGE_STANDARD = "gnu++20";
				CLANG_ENABLE_MODULES = YES;
				CLANG_ENABLE_OBJC_ARC = YES;
				CLANG_ENABLE_OBJC_WEAK = YES;
				CLANG_WARN_BLOCK_CAPTURE_AUTORELEASING = YES;
				CLANG_WARN_BOOL_CONVERSION = YES;
				CLANG_WARN_COMMA = YES;
				CLANG_WARN_CONSTANT_CONVERSION = YES;
				CLANG_WARN_DEPRECATED_OBJC_IMPLEMENTATIONS = YES;
				CLANG_WARN_DIRECT_OBJC_ISA_USAGE = YES_ERROR;
				CLANG_WARN_DOCUMENTATION_COMMENTS = YES;
				CLANG_WARN_EMPTY_BODY = YES;
				CLANG_WARN_ENUM_CONVERSION = YES;
				CLANG_WARN_INFINITE_RECURSION = YES;
				CLANG_WARN_INT_CONVERSION = YES;
				CLANG_WARN_NON_LITERAL_NULL_CONVERSION = YES;
				CLANG_WARN_OBJC_IMPLICIT_RETAIN_SELF = YES;
				CLANG_WARN_OBJC_LITERAL_CONVERSION = YES;
				CLANG_WARN_OBJC_ROOT_CLASS = YES_ERROR;
				CLANG_WARN_QUOTED_INCLUDE_IN_FRAMEWORK_HEADER = YES;
				CLANG_WARN_RANGE_LOOP_ANALYSIS = YES;
				CLANG_WARN_STRICT_PROTOTYPES = YES;
				CLANG_WARN_SUSPICIOUS_MOVE = YES;
				CLANG_WARN_UNGUARDED_AVAILABILITY = YES_AGGRESSIVE;
				CLANG_WARN_UNREACHABLE_CODE = YES;
				CLANG_WARN__DUPLICATE_METHOD_MATCH = YES;
				COPY_PHASE_STRIP = NO;
				DEBUG_INFORMATION_FORMAT = "dwarf-with-dsym";
				DEVELOPMENT_TEAM = GSW6Z3S4X5;
				ENABLE_NS_ASSERTIONS = NO;
				ENABLE_STRICT_OBJC_MSGSEND = YES;
				ENABLE_USER_SCRIPT_SANDBOXING = YES;
				GCC_C_LANGUAGE_STANDARD = gnu17;
				GCC_NO_COMMON_BLOCKS = YES;
				GCC_WARN_64_TO_32_BIT_CONVERSION = YES;
				GCC_WARN_ABOUT_RETURN_TYPE = YES_ERROR;
				GCC_WARN_UNDECLARED_SELECTOR = YES;
				GCC_WARN_UNINITIALIZED_AUTOS = YES_AGGRESSIVE;
				GCC_WARN_UNUSED_FUNCTION = YES;
				GCC_WARN_UNUSED_VARIABLE = YES;
				IPHONEOS_DEPLOYMENT_TARGET = 26.1;
				LOCALIZATION_PREFERS_STRING_CATALOGS = YES;
				MTL_ENABLE_DEBUG_INFO = NO;
				MTL_FAST_MATH = YES;
				SDKROOT = iphoneos;
				SWIFT_COMPILATION_MODE = wholemodule;
				VALIDATE_PRODUCT = YES;
			};
			name = Release;
		};
		3303FA672EE5BCD900A30E69 /* Debug */ = {
			isa = XCBuildConfiguration;
			buildSettings = {
				ASSETCATALOG_COMPILER_APPICON_NAME = AppIcon;
				ASSETCATALOG_COMPILER_GLOBAL_ACCENT_COLOR_NAME = AccentColor;
				CODE_SIGN_STYLE = Automatic;
				CURRENT_PROJECT_VERSION = 1;
				DEVELOPMENT_TEAM = GSW6Z3S4X5;
				ENABLE_PREVIEWS = YES;
				GENERATE_INFOPLIST_FILE = YES;
				INFOPLIST_KEY_UIApplicationSceneManifest_Generation = YES;
				INFOPLIST_KEY_UIApplicationSupportsIndirectInputEvents = YES;
				INFOPLIST_KEY_UILaunchScreen_Generation = YES;
				INFOPLIST_KEY_UISupportedInterfaceOrientations_iPad = "UIInterfaceOrientationPortrait UIInterfaceOrientationPortraitUpsideDown UIInterfaceOrientationLandscapeLeft UIInterfaceOrientationLandscapeRight";
				INFOPLIST_KEY_UISupportedInterfaceOrientations_iPhone = "UIInterfaceOrientationPortrait UIInterfaceOrientationLandscapeLeft UIInterfaceOrientationLandscapeRight";
				LD_RUNPATH_SEARCH_PATHS = (
					"$(inherited)",
					"@executable_path/Frameworks",
				);
				MARKETING_VERSION = 1.0;
				PRODUCT_BUNDLE_IDENTIFIER = "com.yourCompagny.-PortfolioCrypto.PorteFolioCrypto";
				PRODUCT_NAME = "$(TARGET_NAME)";
				STRING_CATALOG_GENERATE_SYMBOLS = YES;
				SWIFT_APPROACHABLE_CONCURRENCY = YES;
				SWIFT_DEFAULT_ACTOR_ISOLATION = MainActor;
				SWIFT_EMIT_LOC_STRINGS = YES;
				SWIFT_UPCOMING_FEATURE_MEMBER_IMPORT_VISIBILITY = YES;
				SWIFT_VERSION = 5.0;
				TARGETED_DEVICE_FAMILY = "1,2";
			};
			name = Debug;
		};
		3303FA682EE5BCD900A30E69 /* Release */ = {
			isa = XCBuildConfiguration;
			buildSettings = {
				ASSETCATALOG_COMPILER_APPICON_NAME = AppIcon;
				ASSETCATALOG_COMPILER_GLOBAL_ACCENT_COLOR_NAME = AccentColor;
				CODE_SIGN_STYLE = Automatic;
				CURRENT_PROJECT_VERSION = 1;
				DEVELOPMENT_TEAM = GSW6Z3S4X5;
				ENABLE_PREVIEWS = YES;
				GENERATE_INFOPLIST_FILE = YES;
				INFOPLIST_KEY_UIApplicationSceneManifest_Generation = YES;
				INFOPLIST_KEY_UIApplicationSupportsIndirectInputEvents = YES;
				INFOPLIST_KEY_UILaunchScreen_Generation = YES;
				INFOPLIST_KEY_UISupportedInterfaceOrientations_iPad = "UIInterfaceOrientationPortrait UIInterfaceOrientationPortraitUpsideDown UIInterfaceOrientationLandscapeLeft UIInterfaceOrientationLandscapeRight";
				INFOPLIST_KEY_UISupportedInterfaceOrientations_iPhone = "UIInterfaceOrientationPortrait UIInterfaceOrientationLandscapeLeft UIInterfaceOrientationLandscapeRight";
				LD_RUNPATH_SEARCH_PATHS = (
					"$(inherited)",
					"@executable_path/Frameworks",
				);
				MARKETING_VERSION = 1.0;
				PRODUCT_BUNDLE_IDENTIFIER = "com.yourCompagny.-PortfolioCrypto.PorteFolioCrypto";
				PRODUCT_NAME = "$(TARGET_NAME)";
				STRING_CATALOG_GENERATE_SYMBOLS = YES;
				SWIFT_APPROACHABLE_CONCURRENCY = YES;
				SWIFT_DEFAULT_ACTOR_ISOLATION = MainActor;
				SWIFT_EMIT_LOC_STRINGS = YES;
				SWIFT_UPCOMING_FEATURE_MEMBER_IMPORT_VISIBILITY = YES;
				SWIFT_VERSION = 5.0;
				TARGETED_DEVICE_FAMILY = "1,2";
			};
			name = Release;
		};
		3303FA6A2EE5BCD900A30E69 /* Debug */ = {
			isa = XCBuildConfiguration;
			buildSettings = {
				BUNDLE_LOADER = "$(TEST_HOST)";
				CODE_SIGN_STYLE = Automatic;
				CURRENT_PROJECT_VERSION = 1;
				DEVELOPMENT_TEAM = GSW6Z3S4X5;
				GENERATE_INFOPLIST_FILE = YES;
				IPHONEOS_DEPLOYMENT_TARGET = 26.1;
				MARKETING_VERSION = 1.0;
				PRODUCT_BUNDLE_IDENTIFIER = "com.yourCompagny.-PortfolioCrypto.PorteFolioCryptoTests";
				PRODUCT_NAME = "$(TARGET_NAME)";
				STRING_CATALOG_GENERATE_SYMBOLS = NO;
				SWIFT_APPROACHABLE_CONCURRENCY = YES;
				SWIFT_EMIT_LOC_STRINGS = NO;
				SWIFT_UPCOMING_FEATURE_MEMBER_IMPORT_VISIBILITY = YES;
				SWIFT_VERSION = 5.0;
				TARGETED_DEVICE_FAMILY = "1,2";
				TEST_HOST = "$(BUILT_PRODUCTS_DIR)/PorteFolioCrypto.app/$(BUNDLE_EXECUTABLE_FOLDER_PATH)/PorteFolioCrypto";
			};
			name = Debug;
		};
		3303FA6B2EE5BCD900A30E69 /* Release */ = {
			isa = XCBuildConfiguration;
			buildSettings = {
				BUNDLE_LOADER = "$(TEST_HOST)";
				CODE_SIGN_STYLE = Automatic;
				CURRENT_PROJECT_VERSION = 1;
				DEVELOPMENT_TEAM = GSW6Z3S4X5;
				GENERATE_INFOPLIST_FILE = YES;
				IPHONEOS_DEPLOYMENT_TARGET = 26.1;
				MARKETING_VERSION = 1.0;
				PRODUCT_BUNDLE_IDENTIFIER = "com.yourCompagny.-PortfolioCrypto.PorteFolioCryptoTests";
				PRODUCT_NAME = "$(TARGET_NAME)";
				STRING_CATALOG_GENERATE_SYMBOLS = NO;
				SWIFT_APPROACHABLE_CONCURRENCY = YES;
				SWIFT_EMIT_LOC_STRINGS = NO;
				SWIFT_UPCOMING_FEATURE_MEMBER_IMPORT_VISIBILITY = YES;
				SWIFT_VERSION = 5.0;
				TARGETED_DEVICE_FAMILY = "1,2";
				TEST_HOST = "$(BUILT_PRODUCTS_DIR)/PorteFolioCrypto.app/$(BUNDLE_EXECUTABLE_FOLDER_PATH)/PorteFolioCrypto";
			};
			name = Release;
		};
		3303FA6D2EE5BCD900A30E69 /* Debug */ = {
			isa = XCBuildConfiguration;
			buildSettings = {
				CODE_SIGN_STYLE = Automatic;
				CURRENT_PROJECT_VERSION = 1;
				DEVELOPMENT_TEAM = GSW6Z3S4X5;
				GENERATE_INFOPLIST_FILE = YES;
				MARKETING_VERSION = 1.0;
				PRODUCT_BUNDLE_IDENTIFIER = "com.yourCompagny.-PortfolioCrypto.PorteFolioCryptoUITests";
				PRODUCT_NAME = "$(TARGET_NAME)";
				STRING_CATALOG_GENERATE_SYMBOLS = NO;
				SWIFT_APPROACHABLE_CONCURRENCY = YES;
				SWIFT_EMIT_LOC_STRINGS = NO;
				SWIFT_UPCOMING_FEATURE_MEMBER_IMPORT_VISIBILITY = YES;
				SWIFT_VERSION = 5.0;
				TARGETED_DEVICE_FAMILY = "1,2";
				TEST_TARGET_NAME = PorteFolioCrypto;
			};
			name = Debug;
		};
		3303FA6E2EE5BCD900A30E69 /* Release */ = {
			isa = XCBuildConfiguration;
			buildSettings = {
				CODE_SIGN_STYLE = Automatic;
				CURRENT_PROJECT_VERSION = 1;
				DEVELOPMENT_TEAM = GSW6Z3S4X5;
				GENERATE_INFOPLIST_FILE = YES;
				MARKETING_VERSION = 1.0;
				PRODUCT_BUNDLE_IDENTIFIER = "com.yourCompagny.-PortfolioCrypto.PorteFolioCryptoUITests";
				PRODUCT_NAME = "$(TARGET_NAME)";
				STRING_CATALOG_GENERATE_SYMBOLS = NO;
				SWIFT_APPROACHABLE_CONCURRENCY = YES;
				SWIFT_EMIT_LOC_STRINGS = NO;
				SWIFT_UPCOMING_FEATURE_MEMBER_IMPORT_VISIBILITY = YES;
				SWIFT_VERSION = 5.0;
				TARGETED_DEVICE_FAMILY = "1,2";
				TEST_TARGET_NAME = PorteFolioCrypto;
			};
			name = Release;
		};
/* End XCBuildConfiguration section */

/* Begin XCConfigurationList section */
		3303FA402EE5BCD900A30E69 /* Build configuration list for PBXProject "PorteFolioCrypto" */ = {
			isa = XCConfigurationList;
			buildConfigurations = (
				3303FA642EE5BCD900A30E69 /* Debug */,
				3303FA652EE5BCD900A30E69 /* Release */,
			);
			defaultConfigurationIsVisible = 0;
			defaultConfigurationName = Release;
		};
		3303FA662EE5BCD900A30E69 /* Build configuration list for PBXNativeTarget "PorteFolioCrypto" */ = {
			isa = XCConfigurationList;
			buildConfigurations = (
				3303FA672EE5BCD900A30E69 /* Debug */,
				3303FA682EE5BCD900A30E69 /* Release */,
			);
			defaultConfigurationIsVisible = 0;
			defaultConfigurationName = Release;
		};
		3303FA692EE5BCD900A30E69 /* Build configuration list for PBXNativeTarget "PorteFolioCryptoTests" */ = {
			isa = XCConfigurationList;
			buildConfigurations = (
				3303FA6A2EE5BCD900A30E69 /* Debug */,
				3303FA6B2EE5BCD900A30E69 /* Release */,
			);
			defaultConfigurationIsVisible = 0;
			defaultConfigurationName = Release;
		};
		3303FA6C2EE5BCD900A30E69 /* Build configuration list for PBXNativeTarget "PorteFolioCryptoUITests" */ = {
			isa = XCConfigurationList;
			buildConfigurations = (
				3303FA6D2EE5BCD900A30E69 /* Debug */,
				3303FA6E2EE5BCD900A30E69 /* Release */,
			);
			defaultConfigurationIsVisible = 0;
			defaultConfigurationName = Release;
		};
/* End XCConfigurationList section */
	};
	rootObject = 3303FA3D2EE5BCD900A30E69 /* Project object */;
}
